
Microsoft Visual Studio Solution File, Format Version 12.00
# Visual Studio Version 17
VisualStudioVersion = 17.5.33516.290
MinimumVisualStudioVersion = 10.0.40219.1
Project("{FAE04EC0-301F-11D3-BF4B-00C04F79EFBC}") = "Saque_Deposito", "Saque_Deposito.csproj", "{B62ED416-5837-481B-8CD3-229F44019521}"
EndProject
Global
	GlobalSection(SolutionConfigurationPlatforms) = preSolution
		Debug|Any CPU = Debug|Any CPU
		Release|Any CPU = Release|Any CPU
	EndGlobalSection
	GlobalSection(ProjectConfigurationPlatforms) = postSolution
		{B62ED416-5837-481B-8CD3-229F44019521}.Debug|Any CPU.ActiveCfg = Debug|Any CPU
		{B62ED416-5837-481B-8CD3-229F44019521}.Debug|Any CPU.Build.0 = Debug|Any CPU
		{B62ED416-5837-481B-8CD3-229F44019521}.Release|Any CPU.ActiveCfg = Release|Any CPU
		{B62ED416-5837-481B-8CD3-229F44019521}.Release|Any CPU.Build.0 = Release|Any CPU
	EndGlobalSection
	GlobalSection(SolutionProperties) = preSolution
		HideSolutionNode = FALSE
	EndGlobalSection
	GlobalSection(ExtensibilityGlobals) = postSolution
		SolutionGuid = {6434429A-973B-4187-A429-2EBEDDB483BB}
	EndGlobalSection
EndGlobal
